{
  "pins" : [
    {
      "identity" : "codetemplate",
      "kind" : "remoteSourceControl",
      "location" : "https://github.com/omochi/CodeTemplate",
      "state" : {
        "revision" : "45cadb9129eb712b9fbf808fcb2d3e8575a07b13",
        "version" : "1.0.2"
      }
    }
  ],
  "version" : 2
}
