{
  "pins" : [
    {
      "identity" : "codegenkit",
      "kind" : "remoteSourceControl",
      "location" : "https://github.com/omochi/CodegenKit.git",
      "state" : {
        "revision" : "ab5ad508aab30b1572caa6e73ac0206611db0b0d",
        "version" : "2.0.0"
      }
    },
    {
      "identity" : "swift-argument-parser",
      "kind" : "remoteSourceControl",
      "location" : "https://github.com/apple/swift-argument-parser.git",
      "state" : {
        "revision" : "41982a3656a71c768319979febd796c6fd111d5c",
        "version" : "1.5.0"
      }
    },
    {
      "identity" : "swift-cmark",
      "kind" : "remoteSourceControl",
      "location" : "https://github.com/apple/swift-cmark.git",
      "state" : {
        "revision" : "3ccff77b2dc5b96b77db3da0d68d28068593fa53",
        "version" : "0.5.0"
      }
    },
    {
      "identity" : "swift-format",
      "kind" : "remoteSourceControl",
      "location" : "https://github.com/swiftlang/swift-format.git",
      "state" : {
        "revision" : "65f9da9aad84adb7e2028eb32ca95164aa590e3b",
        "version" : "600.0.0"
      }
    },
    {
      "identity" : "swift-markdown",
      "kind" : "remoteSourceControl",
      "location" : "https://github.com/apple/swift-markdown.git",
      "state" : {
        "revision" : "8f79cb175981458a0a27e76cb42fee8e17b1a993",
        "version" : "0.5.0"
      }
    },
    {
      "identity" : "swift-syntax",
      "kind" : "remoteSourceControl",
      "location" : "https://github.com/swiftlang/swift-syntax.git",
      "state" : {
        "revision" : "cb53fa1bd3219b0b23ded7dfdd3b2baff266fd25",
        "version" : "600.0.0"
      }
    }
  ],
  "version" : 2
}
